
Microsoft Visual Studio Solution File, Format Version 12.00
Project("{F2A71F9B-5D33-465A-A702-920D77279786}") = "SkipIntro", "SkipIntro\SkipIntro.fsproj", "{0829C1C0-6862-4FD3-8155-09E2EFAB7E15}"
EndProject
Global
	GlobalSection(SolutionConfigurationPlatforms) = preSolution
		Debug|Any CPU = Debug|Any CPU
		Release|Any CPU = Release|Any CPU
	EndGlobalSection
	GlobalSection(ProjectConfigurationPlatforms) = postSolution
		{0829C1C0-6862-4FD3-8155-09E2EFAB7E15}.Debug|Any CPU.ActiveCfg = Debug|Any CPU
		{0829C1C0-6862-4FD3-8155-09E2EFAB7E15}.Debug|Any CPU.Build.0 = Debug|Any CPU
		{0829C1C0-6862-4FD3-8155-09E2EFAB7E15}.Release|Any CPU.ActiveCfg = Release|Any CPU
		{0829C1C0-6862-4FD3-8155-09E2EFAB7E15}.Release|Any CPU.Build.0 = Release|Any CPU
	EndGlobalSection
EndGlobal
